
Microsoft Visual Studio Solution File, Format Version 12.00
# Visual Studio Version 17
VisualStudioVersion = 17.5.33414.496
MinimumVisualStudioVersion = 10.0.40219.1
Project("{FAE04EC0-301F-11D3-BF4B-00C04F79EFBC}") = "webstring", "webstring\webstring.csproj", "{D58128A7-859C-4438-BCC6-BE60AC548C3E}"
EndProject
Global
	GlobalSection(SolutionConfigurationPlatforms) = preSolution
		Debug|Any CPU = Debug|Any CPU
		Release|Any CPU = Release|Any CPU
	EndGlobalSection
	GlobalSection(ProjectConfigurationPlatforms) = postSolution
		{D58128A7-859C-4438-BCC6-BE60AC548C3E}.Debug|Any CPU.ActiveCfg = Debug|Any CPU
		{D58128A7-859C-4438-BCC6-BE60AC548C3E}.Debug|Any CPU.Build.0 = Debug|Any CPU
		{D58128A7-859C-4438-BCC6-BE60AC548C3E}.Release|Any CPU.ActiveCfg = Release|Any CPU
		{D58128A7-859C-4438-BCC6-BE60AC548C3E}.Release|Any CPU.Build.0 = Release|Any CPU
	EndGlobalSection
	GlobalSection(SolutionProperties) = preSolution
		HideSolutionNode = FALSE
	EndGlobalSection
	GlobalSection(ExtensibilityGlobals) = postSolution
		SolutionGuid = {358FEB12-F68F-45A9-8FE4-1677AA8F3C0D}
	EndGlobalSection
EndGlobal
